
Microsoft Visual Studio Solution File, Format Version 12.00
# Visual Studio 15
VisualStudioVersion = 15.0.28307.572
MinimumVisualStudioVersion = 10.0.40219.1
Project("{FAE04EC0-301F-11D3-BF4B-00C04F79EFBC}") = "CalcProject", "CalcProject\CalcProject.csproj", "{90CF7A61-A17A-4475-B35F-6FA5690A7AE7}"
EndProject
Project("{FAE04EC0-301F-11D3-BF4B-00C04F79EFBC}") = "CalcProjectTests", "CalcProjectTests\CalcProjectTests.csproj", "{E328FC14-3C29-4276-93DA-5542CF3D2AD2}"
EndProject
Global
	GlobalSection(SolutionConfigurationPlatforms) = preSolution
		Debug|Any CPU = Debug|Any CPU
		Release|Any CPU = Release|Any CPU
	EndGlobalSection
	GlobalSection(ProjectConfigurationPlatforms) = postSolution
		{90CF7A61-A17A-4475-B35F-6FA5690A7AE7}.Debug|Any CPU.ActiveCfg = Debug|Any CPU
		{90CF7A61-A17A-4475-B35F-6FA5690A7AE7}.Debug|Any CPU.Build.0 = Debug|Any CPU
		{90CF7A61-A17A-4475-B35F-6FA5690A7AE7}.Release|Any CPU.ActiveCfg = Release|Any CPU
		{90CF7A61-A17A-4475-B35F-6FA5690A7AE7}.Release|Any CPU.Build.0 = Release|Any CPU
		{E328FC14-3C29-4276-93DA-5542CF3D2AD2}.Debug|Any CPU.ActiveCfg = Debug|Any CPU
		{E328FC14-3C29-4276-93DA-5542CF3D2AD2}.Debug|Any CPU.Build.0 = Debug|Any CPU
		{E328FC14-3C29-4276-93DA-5542CF3D2AD2}.Release|Any CPU.ActiveCfg = Release|Any CPU
		{E328FC14-3C29-4276-93DA-5542CF3D2AD2}.Release|Any CPU.Build.0 = Release|Any CPU
	EndGlobalSection
	GlobalSection(SolutionProperties) = preSolution
		HideSolutionNode = FALSE
	EndGlobalSection
	GlobalSection(ExtensibilityGlobals) = postSolution
		SolutionGuid = {13E5CAFF-9194-4877-AAB0-C8D108B8880B}
	EndGlobalSection
EndGlobal
