
Microsoft Visual Studio Solution File, Format Version 12.00
# Visual Studio 15
VisualStudioVersion = 15.0.28307.572
MinimumVisualStudioVersion = 10.0.40219.1
Project("{FAE04EC0-301F-11D3-BF4B-00C04F79EFBC}") = "Calculator", "Calculator\Calculator.csproj", "{E9B41E2E-BED2-4929-AEEC-368965318F02}"
EndProject
Project("{FAE04EC0-301F-11D3-BF4B-00C04F79EFBC}") = "Calculator.Tests", "Calculator.Tests\Calculator.Tests.csproj", "{029AE717-B844-45D4-AA2D-D256D853F3B2}"
EndProject
Global
	GlobalSection(SolutionConfigurationPlatforms) = preSolution
		Debug|Any CPU = Debug|Any CPU
		Release|Any CPU = Release|Any CPU
	EndGlobalSection
	GlobalSection(ProjectConfigurationPlatforms) = postSolution
		{E9B41E2E-BED2-4929-AEEC-368965318F02}.Debug|Any CPU.ActiveCfg = Debug|Any CPU
		{E9B41E2E-BED2-4929-AEEC-368965318F02}.Debug|Any CPU.Build.0 = Debug|Any CPU
		{E9B41E2E-BED2-4929-AEEC-368965318F02}.Release|Any CPU.ActiveCfg = Release|Any CPU
		{E9B41E2E-BED2-4929-AEEC-368965318F02}.Release|Any CPU.Build.0 = Release|Any CPU
		{029AE717-B844-45D4-AA2D-D256D853F3B2}.Debug|Any CPU.ActiveCfg = Debug|Any CPU
		{029AE717-B844-45D4-AA2D-D256D853F3B2}.Debug|Any CPU.Build.0 = Debug|Any CPU
		{029AE717-B844-45D4-AA2D-D256D853F3B2}.Release|Any CPU.ActiveCfg = Release|Any CPU
		{029AE717-B844-45D4-AA2D-D256D853F3B2}.Release|Any CPU.Build.0 = Release|Any CPU
	EndGlobalSection
	GlobalSection(SolutionProperties) = preSolution
		HideSolutionNode = FALSE
	EndGlobalSection
	GlobalSection(ExtensibilityGlobals) = postSolution
		SolutionGuid = {A8E90295-8284-4154-81FA-3610B12BF5D4}
	EndGlobalSection
EndGlobal
